
Microsoft Visual Studio Solution File, Format Version 12.00
# Visual Studio Version 16
VisualStudioVersion = 16.0.30717.126
MinimumVisualStudioVersion = 10.0.40219.1
Project("{FAE04EC0-301F-11D3-BF4B-00C04F79EFBC}") = "Moldovan_Maria_Lab6", "Moldovan_Maria_Lab6.csproj", "{EAADC874-FCA5-4D31-BB6D-F7972D32329C}"
EndProject
Global
	GlobalSection(SolutionConfigurationPlatforms) = preSolution
		Debug|Any CPU = Debug|Any CPU
		Release|Any CPU = Release|Any CPU
	EndGlobalSection
	GlobalSection(ProjectConfigurationPlatforms) = postSolution
		{EAADC874-FCA5-4D31-BB6D-F7972D32329C}.Debug|Any CPU.ActiveCfg = Debug|Any CPU
		{EAADC874-FCA5-4D31-BB6D-F7972D32329C}.Debug|Any CPU.Build.0 = Debug|Any CPU
		{EAADC874-FCA5-4D31-BB6D-F7972D32329C}.Release|Any CPU.ActiveCfg = Release|Any CPU
		{EAADC874-FCA5-4D31-BB6D-F7972D32329C}.Release|Any CPU.Build.0 = Release|Any CPU
	EndGlobalSection
	GlobalSection(SolutionProperties) = preSolution
		HideSolutionNode = FALSE
	EndGlobalSection
	GlobalSection(ExtensibilityGlobals) = postSolution
		SolutionGuid = {9ED8550C-1427-44A1-8EB6-87717B2AB9A3}
	EndGlobalSection
EndGlobal
